
Microsoft Visual Studio Solution File, Format Version 12.00
# Visual Studio Version 17
VisualStudioVersion = 17.9.34518.117
MinimumVisualStudioVersion = 10.0.40219.1
Project("{FAE04EC0-301F-11D3-BF4B-00C04F79EFBC}") = "SecretClock4Presenter", "BinaryClockXP\SecretClock4Presenter.csproj", "{5DC85488-5E12-4601-8236-183DDF16EF26}"
EndProject
Global
	GlobalSection(SolutionConfigurationPlatforms) = preSolution
		Debug|Any CPU = Debug|Any CPU
		Release|Any CPU = Release|Any CPU
	EndGlobalSection
	GlobalSection(ProjectConfigurationPlatforms) = postSolution
		{5DC85488-5E12-4601-8236-183DDF16EF26}.Debug|Any CPU.ActiveCfg = Release|Any CPU
		{5DC85488-5E12-4601-8236-183DDF16EF26}.Debug|Any CPU.Build.0 = Release|Any CPU
		{5DC85488-5E12-4601-8236-183DDF16EF26}.Release|Any CPU.ActiveCfg = Debug|Any CPU
		{5DC85488-5E12-4601-8236-183DDF16EF26}.Release|Any CPU.Build.0 = Debug|Any CPU
	EndGlobalSection
	GlobalSection(SolutionProperties) = preSolution
		HideSolutionNode = FALSE
	EndGlobalSection
	GlobalSection(ExtensibilityGlobals) = postSolution
		SolutionGuid = {9F4D2D11-1364-4C16-9310-8C784EC88A0B}
	EndGlobalSection
EndGlobal
